
Microsoft Visual Studio Solution File, Format Version 12.00
# Visual Studio Version 16
VisualStudioVersion = 16.0.32510.428
MinimumVisualStudioVersion = 10.0.40219.1
Project("{FAE04EC0-301F-11D3-BF4B-00C04F79EFBC}") = "iakademi43_proje", "iakademi43_proje\iakademi43_proje.csproj", "{A4D8FB97-5368-4CA2-BC52-44C635249A48}"
EndProject
Global
	GlobalSection(SolutionConfigurationPlatforms) = preSolution
		Debug|Any CPU = Debug|Any CPU
		Release|Any CPU = Release|Any CPU
	EndGlobalSection
	GlobalSection(ProjectConfigurationPlatforms) = postSolution
		{A4D8FB97-5368-4CA2-BC52-44C635249A48}.Debug|Any CPU.ActiveCfg = Debug|Any CPU
		{A4D8FB97-5368-4CA2-BC52-44C635249A48}.Debug|Any CPU.Build.0 = Debug|Any CPU
		{A4D8FB97-5368-4CA2-BC52-44C635249A48}.Release|Any CPU.ActiveCfg = Release|Any CPU
		{A4D8FB97-5368-4CA2-BC52-44C635249A48}.Release|Any CPU.Build.0 = Release|Any CPU
	EndGlobalSection
	GlobalSection(SolutionProperties) = preSolution
		HideSolutionNode = FALSE
	EndGlobalSection
	GlobalSection(ExtensibilityGlobals) = postSolution
		SolutionGuid = {0EFCE86C-265F-496B-B5AC-F3BE01F67D70}
	EndGlobalSection
EndGlobal
